
Microsoft Visual Studio Solution File, Format Version 12.00
# Visual Studio Version 17
VisualStudioVersion = 17.3.32901.215
MinimumVisualStudioVersion = 10.0.40219.1
Project("{9A19103F-16F7-4668-BE54-9A1E7A4F7556}") = "IotaWalletNet.Domain", "IotaWalletNet.Domain\IotaWalletNet.Domain.csproj", "{D9E0FB0A-9B39-40FF-AAF1-443159440885}"
EndProject
Project("{9A19103F-16F7-4668-BE54-9A1E7A4F7556}") = "IotaWalletNet.Main", "IotaWalletNet.Main\IotaWalletNet.Main.csproj", "{67BE8657-E6A4-4696-B30F-C3E781446133}"
EndProject
Project("{9A19103F-16F7-4668-BE54-9A1E7A4F7556}") = "IotaWalletNet.Application", "IotaWalletNet.Application\IotaWalletNet.Application.csproj", "{DB96F7DF-8012-4BE7-A13B-AC48EB901F0C}"
EndProject
Project("{FAE04EC0-301F-11D3-BF4B-00C04F79EFBC}") = "IotaWalletNet.Tests", "IotaWalletNet.Tests\IotaWalletNet.Tests.csproj", "{679B200A-7593-41F3-97E2-ADFE90B2A157}"
EndProject
Global
	GlobalSection(SolutionConfigurationPlatforms) = preSolution
		Debug|Any CPU = Debug|Any CPU
		Release|Any CPU = Release|Any CPU
	EndGlobalSection
	GlobalSection(ProjectConfigurationPlatforms) = postSolution
		{D9E0FB0A-9B39-40FF-AAF1-443159440885}.Debug|Any CPU.ActiveCfg = Debug|Any CPU
		{D9E0FB0A-9B39-40FF-AAF1-443159440885}.Debug|Any CPU.Build.0 = Debug|Any CPU
		{D9E0FB0A-9B39-40FF-AAF1-443159440885}.Release|Any CPU.ActiveCfg = Release|Any CPU
		{D9E0FB0A-9B39-40FF-AAF1-443159440885}.Release|Any CPU.Build.0 = Release|Any CPU
		{67BE8657-E6A4-4696-B30F-C3E781446133}.Debug|Any CPU.ActiveCfg = Debug|Any CPU
		{67BE8657-E6A4-4696-B30F-C3E781446133}.Debug|Any CPU.Build.0 = Debug|Any CPU
		{67BE8657-E6A4-4696-B30F-C3E781446133}.Release|Any CPU.ActiveCfg = Release|Any CPU
		{67BE8657-E6A4-4696-B30F-C3E781446133}.Release|Any CPU.Build.0 = Release|Any CPU
		{DB96F7DF-8012-4BE7-A13B-AC48EB901F0C}.Debug|Any CPU.ActiveCfg = Debug|Any CPU
		{DB96F7DF-8012-4BE7-A13B-AC48EB901F0C}.Debug|Any CPU.Build.0 = Debug|Any CPU
		{DB96F7DF-8012-4BE7-A13B-AC48EB901F0C}.Release|Any CPU.ActiveCfg = Release|Any CPU
		{DB96F7DF-8012-4BE7-A13B-AC48EB901F0C}.Release|Any CPU.Build.0 = Release|Any CPU
		{679B200A-7593-41F3-97E2-ADFE90B2A157}.Debug|Any CPU.ActiveCfg = Debug|Any CPU
		{679B200A-7593-41F3-97E2-ADFE90B2A157}.Debug|Any CPU.Build.0 = Debug|Any CPU
		{679B200A-7593-41F3-97E2-ADFE90B2A157}.Release|Any CPU.ActiveCfg = Release|Any CPU
		{679B200A-7593-41F3-97E2-ADFE90B2A157}.Release|Any CPU.Build.0 = Release|Any CPU
	EndGlobalSection
	GlobalSection(SolutionProperties) = preSolution
		HideSolutionNode = FALSE
	EndGlobalSection
	GlobalSection(ExtensibilityGlobals) = postSolution
		SolutionGuid = {248C9DAE-BF14-41C4-9EAF-A17324634564}
	EndGlobalSection
EndGlobal
